
Microsoft Visual Studio Solution File, Format Version 12.00
# Visual Studio Version 17
VisualStudioVersion = 17.8.34525.116
MinimumVisualStudioVersion = 10.0.40219.1
Project("{FAE04EC0-301F-11D3-BF4B-00C04F79EFBC}") = "Miller-Rabin-2", "Miller-Rabin-2\Miller-Rabin-2.csproj", "{B240E512-2531-4E41-B1B3-4E71836A54DE}"
EndProject
Global
	GlobalSection(SolutionConfigurationPlatforms) = preSolution
		Debug|Any CPU = Debug|Any CPU
		Release|Any CPU = Release|Any CPU
	EndGlobalSection
	GlobalSection(ProjectConfigurationPlatforms) = postSolution
		{B240E512-2531-4E41-B1B3-4E71836A54DE}.Debug|Any CPU.ActiveCfg = Debug|Any CPU
		{B240E512-2531-4E41-B1B3-4E71836A54DE}.Debug|Any CPU.Build.0 = Debug|Any CPU
		{B240E512-2531-4E41-B1B3-4E71836A54DE}.Release|Any CPU.ActiveCfg = Release|Any CPU
		{B240E512-2531-4E41-B1B3-4E71836A54DE}.Release|Any CPU.Build.0 = Release|Any CPU
	EndGlobalSection
	GlobalSection(SolutionProperties) = preSolution
		HideSolutionNode = FALSE
	EndGlobalSection
	GlobalSection(ExtensibilityGlobals) = postSolution
		SolutionGuid = {1C45FA04-ECFE-4E6B-B07F-9771A04D928F}
	EndGlobalSection
EndGlobal
